
Microsoft Visual Studio Solution File, Format Version 12.00
# Visual Studio 15
VisualStudioVersion = 15.0.27703.2042
MinimumVisualStudioVersion = 10.0.40219.1
Project("{FAE04EC0-301F-11D3-BF4B-00C04F79EFBC}") = "WebApplication1", "WebApplication1\WebApplication1.csproj", "{8A3F28B1-510A-4970-A5AE-75E8D070B1EA}"
EndProject
Global
	GlobalSection(SolutionConfigurationPlatforms) = preSolution
		Debug|Any CPU = Debug|Any CPU
		Release|Any CPU = Release|Any CPU
	EndGlobalSection
	GlobalSection(ProjectConfigurationPlatforms) = postSolution
		{8A3F28B1-510A-4970-A5AE-75E8D070B1EA}.Debug|Any CPU.ActiveCfg = Debug|Any CPU
		{8A3F28B1-510A-4970-A5AE-75E8D070B1EA}.Debug|Any CPU.Build.0 = Debug|Any CPU
		{8A3F28B1-510A-4970-A5AE-75E8D070B1EA}.Release|Any CPU.ActiveCfg = Release|Any CPU
		{8A3F28B1-510A-4970-A5AE-75E8D070B1EA}.Release|Any CPU.Build.0 = Release|Any CPU
	EndGlobalSection
	GlobalSection(SolutionProperties) = preSolution
		HideSolutionNode = FALSE
	EndGlobalSection
	GlobalSection(ExtensibilityGlobals) = postSolution
		SolutionGuid = {413246BA-B5F1-4656-A05E-4D3FB1ADDDDF}
	EndGlobalSection
EndGlobal
